
Microsoft Visual Studio Solution File, Format Version 12.00
Project("{FAE04EC0-301F-11D3-BF4B-00C04F79EFBC}") = "Allard.Eventing.TestApp", "Allard.Eventing.TestApp\Allard.Eventing.TestApp.csproj", "{B248724C-BDFE-4FD3-BAEA-60A9863592CC}"
EndProject
Project("{FAE04EC0-301F-11D3-BF4B-00C04F79EFBC}") = "Allard.Eventing.Dispatcher", "Allard.Eventing.Dispatcher\Allard.Eventing.Dispatcher.csproj", "{8FB53453-2D74-4A8A-A1E9-36498B9244FF}"
EndProject
Project("{2150E333-8FDC-42A3-9474-1A3956D46DE8}") = "Tests", "Tests", "{D3D66966-D3EA-45CC-B7B6-79C6E51D1D0A}"
EndProject
Project("{FAE04EC0-301F-11D3-BF4B-00C04F79EFBC}") = "Allard.Eventing.Dispatcher.Unit.Tests", "Allard.Eventing.Dispatcher.Unit.Tests\Allard.Eventing.Dispatcher.Unit.Tests.csproj", "{E663E2B8-084F-41CA-AC23-0FC4881E00B3}"
EndProject
Project("{FAE04EC0-301F-11D3-BF4B-00C04F79EFBC}") = "Allard.Eventing.Abstractions", "Allard.Eventing.Abstractions\Allard.Eventing.Abstractions.csproj", "{BCBB027B-8479-4FBB-A109-FDD768301450}"
EndProject
Project("{FAE04EC0-301F-11D3-BF4B-00C04F79EFBC}") = "Allard.Eventing.Benchmarks", "Allard.Eventing.Benchmarks\Allard.Eventing.Benchmarks.csproj", "{F1016622-A3ED-4E66-BFAF-173090BCB66C}"
EndProject
Global
	GlobalSection(SolutionConfigurationPlatforms) = preSolution
		Debug|Any CPU = Debug|Any CPU
		Release|Any CPU = Release|Any CPU
	EndGlobalSection
	GlobalSection(ProjectConfigurationPlatforms) = postSolution
		{B248724C-BDFE-4FD3-BAEA-60A9863592CC}.Debug|Any CPU.ActiveCfg = Debug|Any CPU
		{B248724C-BDFE-4FD3-BAEA-60A9863592CC}.Debug|Any CPU.Build.0 = Debug|Any CPU
		{B248724C-BDFE-4FD3-BAEA-60A9863592CC}.Release|Any CPU.ActiveCfg = Release|Any CPU
		{B248724C-BDFE-4FD3-BAEA-60A9863592CC}.Release|Any CPU.Build.0 = Release|Any CPU
		{8FB53453-2D74-4A8A-A1E9-36498B9244FF}.Debug|Any CPU.ActiveCfg = Debug|Any CPU
		{8FB53453-2D74-4A8A-A1E9-36498B9244FF}.Debug|Any CPU.Build.0 = Debug|Any CPU
		{8FB53453-2D74-4A8A-A1E9-36498B9244FF}.Release|Any CPU.ActiveCfg = Release|Any CPU
		{8FB53453-2D74-4A8A-A1E9-36498B9244FF}.Release|Any CPU.Build.0 = Release|Any CPU
		{E663E2B8-084F-41CA-AC23-0FC4881E00B3}.Debug|Any CPU.ActiveCfg = Debug|Any CPU
		{E663E2B8-084F-41CA-AC23-0FC4881E00B3}.Debug|Any CPU.Build.0 = Debug|Any CPU
		{E663E2B8-084F-41CA-AC23-0FC4881E00B3}.Release|Any CPU.ActiveCfg = Release|Any CPU
		{E663E2B8-084F-41CA-AC23-0FC4881E00B3}.Release|Any CPU.Build.0 = Release|Any CPU
		{BCBB027B-8479-4FBB-A109-FDD768301450}.Debug|Any CPU.ActiveCfg = Debug|Any CPU
		{BCBB027B-8479-4FBB-A109-FDD768301450}.Debug|Any CPU.Build.0 = Debug|Any CPU
		{BCBB027B-8479-4FBB-A109-FDD768301450}.Release|Any CPU.ActiveCfg = Release|Any CPU
		{BCBB027B-8479-4FBB-A109-FDD768301450}.Release|Any CPU.Build.0 = Release|Any CPU
		{F1016622-A3ED-4E66-BFAF-173090BCB66C}.Debug|Any CPU.ActiveCfg = Debug|Any CPU
		{F1016622-A3ED-4E66-BFAF-173090BCB66C}.Debug|Any CPU.Build.0 = Debug|Any CPU
		{F1016622-A3ED-4E66-BFAF-173090BCB66C}.Release|Any CPU.ActiveCfg = Release|Any CPU
		{F1016622-A3ED-4E66-BFAF-173090BCB66C}.Release|Any CPU.Build.0 = Release|Any CPU
	EndGlobalSection
	GlobalSection(NestedProjects) = preSolution
		{E663E2B8-084F-41CA-AC23-0FC4881E00B3} = {D3D66966-D3EA-45CC-B7B6-79C6E51D1D0A}
	EndGlobalSection
EndGlobal
